
Microsoft Visual Studio Solution File, Format Version 12.00
# Visual Studio 15
VisualStudioVersion = 15.0.27428.2027
MinimumVisualStudioVersion = 10.0.40219.1
Project("{FAE04EC0-301F-11D3-BF4B-00C04F79EFBC}") = "ListTable", "ListTable\ListTable.csproj", "{8759F29B-BA14-4E23-B4E9-CDCD880F3B6D}"
EndProject
Global
	GlobalSection(SolutionConfigurationPlatforms) = preSolution
		Debug|Any CPU = Debug|Any CPU
		Release|Any CPU = Release|Any CPU
	EndGlobalSection
	GlobalSection(ProjectConfigurationPlatforms) = postSolution
		{8759F29B-BA14-4E23-B4E9-CDCD880F3B6D}.Debug|Any CPU.ActiveCfg = Debug|Any CPU
		{8759F29B-BA14-4E23-B4E9-CDCD880F3B6D}.Debug|Any CPU.Build.0 = Debug|Any CPU
		{8759F29B-BA14-4E23-B4E9-CDCD880F3B6D}.Release|Any CPU.ActiveCfg = Release|Any CPU
		{8759F29B-BA14-4E23-B4E9-CDCD880F3B6D}.Release|Any CPU.Build.0 = Release|Any CPU
	EndGlobalSection
	GlobalSection(SolutionProperties) = preSolution
		HideSolutionNode = FALSE
	EndGlobalSection
	GlobalSection(ExtensibilityGlobals) = postSolution
		SolutionGuid = {1C8B691D-0C09-4E54-8094-6092B75BF009}
	EndGlobalSection
EndGlobal
